// !$*UTF8*$!
{
	archiveVersion = 1;
	classes = {
	};
	objectVersion = 56;
	objects = {

/* Begin PBXBuildFile section */
		9B1C4D0229EEF03400F03AFF /* AppDelegate.swift in Sources */ = {isa = PBXBuildFile; fileRef = 9B1C4D0129EEF03400F03AFF /* AppDelegate.swift */; };
		9B1C4D0429EEF03400F03AFF /* SceneDelegate.swift in Sources */ = {isa = PBXBuildFile; fileRef = 9B1C4D0329EEF03400F03AFF /* SceneDelegate.swift */; };
		9B1C4D0629EEF03400F03AFF /* ViewController.swift in Sources */ = {isa = PBXBuildFile; fileRef = 9B1C4D0529EEF03400F03AFF /* ViewController.swift */; };
		9B1C4D0929EEF03400F03AFF /* Main.storyboard in Resources */ = {isa = PBXBuildFile; fileRef = 9B1C4D0729EEF03400F03AFF /* Main.storyboard */; };
		9B1C4D0B29EEF03500F03AFF /* Assets.xcassets in Resources */ = {isa = PBXBuildFile; fileRef = 9B1C4D0A29EEF03500F03AFF /* Assets.xcassets */; };
		9B1C4D0E29EEF03500F03AFF /* LaunchScreen.storyboard in Resources */ = {isa = PBXBuildFile; fileRef = 9B1C4D0C29EEF03500F03AFF /* LaunchScreen.storyboard */; };
		9B1C4D1929EEF03500F03AFF /* MemoriaTests.swift in Sources */ = {isa = PBXBuildFile; fileRef = 9B1C4D1829EEF03500F03AFF /* MemoriaTests.swift */; };
		9B1C4D2329EEF03500F03AFF /* MemoriaUITests.swift in Sources */ = {isa = PBXBuildFile; fileRef = 9B1C4D2229EEF03500F03AFF /* MemoriaUITests.swift */; };
		9B1C4D2529EEF03500F03AFF /* MemoriaUITestsLaunchTests.swift in Sources */ = {isa = PBXBuildFile; fileRef = 9B1C4D2429EEF03500F03AFF /* MemoriaUITestsLaunchTests.swift */; };
/* End PBXBuildFile section */

/* Begin PBXContainerItemProxy section */
		9B1C4D1529EEF03500F03AFF /* PBXContainerItemProxy */ = {
			isa = PBXContainerItemProxy;
			containerPortal = 9B1C4CF629EEF03400F03AFF /* Project object */;
			proxyType = 1;
			remoteGlobalIDString = 9B1C4CFD29EEF03400F03AFF;
			remoteInfo = Memoria;
		};
		9B1C4D1F29EEF03500F03AFF /* PBXContainerItemProxy */ = {
			isa = PBXContainerItemProxy;
			containerPortal = 9B1C4CF629EEF03400F03AFF /* Project object */;
			proxyType = 1;
			remoteGlobalIDString = 9B1C4CFD29EEF03400F03AFF;
			remoteInfo = Memoria;
		};
/* End PBXContainerItemProxy section */

/* Begin PBXFileReference section */
		9B1C4CFE29EEF03400F03AFF /* Memoria.app */ = {isa = PBXFileReference; explicitFileType = wrapper.application; includeInIndex = 0; path = Memoria.app; sourceTree = BUILT_PRODUCTS_DIR; };
		9B1C4D0129EEF03400F03AFF /* AppDelegate.swift */ = {isa = PBXFileReference; lastKnownFileType = sourcecode.swift; path = AppDelegate.swift; sourceTree = "<group>"; };
		9B1C4D0329EEF03400F03AFF /* SceneDelegate.swift */ = {isa = PBXFileReference; lastKnownFileType = sourcecode.swift; path = SceneDelegate.swift; sourceTree = "<group>"; };
		9B1C4D0529EEF03400F03AFF /* ViewController.swift */ = {isa = PBXFileReference; lastKnownFileType = sourcecode.swift; path = ViewController.swift; sourceTree = "<group>"; };
		9B1C4D0829EEF03400F03AFF /* Base */ = {isa = PBXFileReference; lastKnownFileType = file.storyboard; name = Base; path = Base.lproj/Main.storyboard; sourceTree = "<group>"; };
		9B1C4D0A29EEF03500F03AFF /* Assets.xcassets */ = {isa = PBXFileReference; lastKnownFileType = folder.assetcatalog; path = Assets.xcassets; sourceTree = "<group>"; };
		9B1C4D0D29EEF03500F03AFF /* Base */ = {isa = PBXFileReference; lastKnownFileType = file.storyboard; name = Base; path = Base.lproj/LaunchScreen.storyboard; sourceTree = "<group>"; };
		9B1C4D0F29EEF03500F03AFF /* Info.plist */ = {isa = PBXFileReference; lastKnownFileType = text.plist.xml; path = Info.plist; sourceTree = "<group>"; };
		9B1C4D1429EEF03500F03AFF /* MemoriaTests.xctest */ = {isa = PBXFileReference; explicitFileType = wrapper.cfbundle; includeInIndex = 0; path = MemoriaTests.xctest; sourceTree = BUILT_PRODUCTS_DIR; };
		9B1C4D1829EEF03500F03AFF /* MemoriaTests.swift */ = {isa = PBXFileReference; lastKnownFileType = sourcecode.swift; path = MemoriaTests.swift; sourceTree = "<group>"; };
		9B1C4D1E29EEF03500F03AFF /* MemoriaUITests.xctest */ = {isa = PBXFileReference; explicitFileType = wrapper.cfbundle; includeInIndex = 0; path = MemoriaUITests.xctest; sourceTree = BUILT_PRODUCTS_DIR; };
		9B1C4D2229EEF03500F03AFF /* MemoriaUITests.swift */ = {isa = PBXFileReference; lastKnownFileType = sourcecode.swift; path = MemoriaUITests.swift; sourceTree = "<group>"; };
		9B1C4D2429EEF03500F03AFF /* MemoriaUITestsLaunchTests.swift */ = {isa = PBXFileReference; lastKnownFileType = sourcecode.swift; path = MemoriaUITestsLaunchTests.swift; sourceTree = "<group>"; };
/* End PBXFileReference section */

/* Begin PBXFrameworksBuildPhase section */
		9B1C4CFB29EEF03400F03AFF /* Frameworks */ = {
			isa = PBXFrameworksBuildPhase;
			buildActionMask = 2147483647;
			files = (
			);
			runOnlyForDeploymentPostprocessing = 0;
		};
		9B1C4D1129EEF03500F03AFF /* Frameworks */ = {
			isa = PBXFrameworksBuildPhase;
			buildActionMask = 2147483647;
			files = (
			);
			runOnlyForDeploymentPostprocessing = 0;
		};
		9B1C4D1B29EEF03500F03AFF /* Frameworks */ = {
			isa = PBXFrameworksBuildPhase;
			buildActionMask = 2147483647;
			files = (
			);
			runOnlyForDeploymentPostprocessing = 0;
		};
/* End PBXFrameworksBuildPhase section */

/* Begin PBXGroup section */
		9B1C4CF529EEF03400F03AFF = {
			isa = PBXGroup;
			children = (
				9B1C4D0029EEF03400F03AFF /* Memoria */,
				9B1C4D1729EEF03500F03AFF /* MemoriaTests */,
				9B1C4D2129EEF03500F03AFF /* MemoriaUITests */,
				9B1C4CFF29EEF03400F03AFF /* Products */,
			);
			sourceTree = "<group>";
		};
		9B1C4CFF29EEF03400F03AFF /* Products */ = {
			isa = PBXGroup;
			children = (
				9B1C4CFE29EEF03400F03AFF /* Memoria.app */,
				9B1C4D1429EEF03500F03AFF /* MemoriaTests.xctest */,
				9B1C4D1E29EEF03500F03AFF /* MemoriaUITests.xctest */,
			);
			name = Products;
			sourceTree = "<group>";
		};
		9B1C4D0029EEF03400F03AFF /* Memoria */ = {
			isa = PBXGroup;
			children = (
				9B1C4D0129EEF03400F03AFF /* AppDelegate.swift */,
				9B1C4D0329EEF03400F03AFF /* SceneDelegate.swift */,
				9B1C4D0529EEF03400F03AFF /* ViewController.swift */,
				9B1C4D0729EEF03400F03AFF /* Main.storyboard */,
				9B1C4D0A29EEF03500F03AFF /* Assets.xcassets */,
				9B1C4D0C29EEF03500F03AFF /* LaunchScreen.storyboard */,
				9B1C4D0F29EEF03500F03AFF /* Info.plist */,
			);
			path = Memoria;
			sourceTree = "<group>";
		};
		9B1C4D1729EEF03500F03AFF /* MemoriaTests */ = {
			isa = PBXGroup;
			children = (
				9B1C4D1829EEF03500F03AFF /* MemoriaTests.swift */,
			);
			path = MemoriaTests;
			sourceTree = "<group>";
		};
		9B1C4D2129EEF03500F03AFF /* MemoriaUITests */ = {
			isa = PBXGroup;
			children = (
				9B1C4D2229EEF03500F03AFF /* MemoriaUITests.swift */,
				9B1C4D2429EEF03500F03AFF /* MemoriaUITestsLaunchTests.swift */,
			);
			path = MemoriaUITests;
			sourceTree = "<group>";
		};
/* End PBXGroup section */

/* Begin PBXNativeTarget section */
		9B1C4CFD29EEF03400F03AFF /* Memoria */ = {
			isa = PBXNativeTarget;
			buildConfigurationList = 9B1C4D2829EEF03500F03AFF /* Build configuration list for PBXNativeTarget "Memoria" */;
			buildPhases = (
				9B1C4CFA29EEF03400F03AFF /* Sources */,
				9B1C4CFB29EEF03400F03AFF /* Frameworks */,
				9B1C4CFC29EEF03400F03AFF /* Resources */,
			);
			buildRules = (
			);
			dependencies = (
			);
			name = Memoria;
			productName = Memoria;
			productReference = 9B1C4CFE29EEF03400F03AFF /* Memoria.app */;
			productType = "com.apple.product-type.application";
		};
		9B1C4D1329EEF03500F03AFF /* MemoriaTests */ = {
			isa = PBXNativeTarget;
			buildConfigurationList = 9B1C4D2B29EEF03500F03AFF /* Build configuration list for PBXNativeTarget "MemoriaTests" */;
			buildPhases = (
				9B1C4D1029EEF03500F03AFF /* Sources */,
				9B1C4D1129EEF03500F03AFF /* Frameworks */,
				9B1C4D1229EEF03500F03AFF /* Resources */,
			);
			buildRules = (
			);
			dependencies = (
				9B1C4D1629EEF03500F03AFF /* PBXTargetDependency */,
			);
			name = MemoriaTests;
			productName = MemoriaTests;
			productReference = 9B1C4D1429EEF03500F03AFF /* MemoriaTests.xctest */;
			productType = "com.apple.product-type.bundle.unit-test";
		};
		9B1C4D1D29EEF03500F03AFF /* MemoriaUITests */ = {
			isa = PBXNativeTarget;
			buildConfigurationList = 9B1C4D2E29EEF03500F03AFF /* Build configuration list for PBXNativeTarget "MemoriaUITests" */;
			buildPhases = (
				9B1C4D1A29EEF03500F03AFF /* Sources */,
				9B1C4D1B29EEF03500F03AFF /* Frameworks */,
				9B1C4D1C29EEF03500F03AFF /* Resources */,
			);
			buildRules = (
			);
			dependencies = (
				9B1C4D2029EEF03500F03AFF /* PBXTargetDependency */,
			);
			name = MemoriaUITests;
			productName = MemoriaUITests;
			productReference = 9B1C4D1E29EEF03500F03AFF /* MemoriaUITests.xctest */;
			productType = "com.apple.product-type.bundle.ui-testing";
		};
/* End PBXNativeTarget section */

/* Begin PBXProject section */
		9B1C4CF629EEF03400F03AFF /* Project object */ = {
			isa = PBXProject;
			attributes = {
				BuildIndependentTargetsInParallel = 1;
				LastSwiftUpdateCheck = 1430;
				LastUpgradeCheck = 1430;
				TargetAttributes = {
					9B1C4CFD29EEF03400F03AFF = {
						CreatedOnToolsVersion = 14.3;
					};
					9B1C4D1329EEF03500F03AFF = {
						CreatedOnToolsVersion = 14.3;
						TestTargetID = 9B1C4CFD29EEF03400F03AFF;
					};
					9B1C4D1D29EEF03500F03AFF = {
						CreatedOnToolsVersion = 14.3;
						TestTargetID = 9B1C4CFD29EEF03400F03AFF;
					};
				};
			};
			buildConfigurationList = 9B1C4CF929EEF03400F03AFF /* Build configuration list for PBXProject "Memoria" */;
			compatibilityVersion = "Xcode 14.0";
			developmentRegion = en;
			hasScannedForEncodings = 0;
			knownRegions = (
				en,
				Base,
			);
			mainGroup = 9B1C4CF529EEF03400F03AFF;
			productRefGroup = 9B1C4CFF29EEF03400F03AFF /* Products */;
			projectDirPath = "";
			projectRoot = "";
			targets = (
				9B1C4CFD29EEF03400F03AFF /* Memoria */,
				9B1C4D1329EEF03500F03AFF /* MemoriaTests */,
				9B1C4D1D29EEF03500F03AFF /* MemoriaUITests */,
			);
		};
/* End PBXProject section */

/* Begin PBXResourcesBuildPhase section */
		9B1C4CFC29EEF03400F03AFF /* Resources */ = {
			isa = PBXResourcesBuildPhase;
			buildActionMask = 2147483647;
			files = (
				9B1C4D0E29EEF03500F03AFF /* LaunchScreen.storyboard in Resources */,
				9B1C4D0B29EEF03500F03AFF /* Assets.xcassets in Resources */,
				9B1C4D0929EEF03400F03AFF /* Main.storyboard in Resources */,
			);
			runOnlyForDeploymentPostprocessing = 0;
		};
		9B1C4D1229EEF03500F03AFF /* Resources */ = {
			isa = PBXResourcesBuildPhase;
			buildActionMask = 2147483647;
			files = (
			);
			runOnlyForDeploymentPostprocessing = 0;
		};
		9B1C4D1C29EEF03500F03AFF /* Resources */ = {
			isa = PBXResourcesBuildPhase;
			buildActionMask = 2147483647;
			files = (
			);
			runOnlyForDeploymentPostprocessing = 0;
		};
/* End PBXResourcesBuildPhase section */

/* Begin PBXSourcesBuildPhase section */
		9B1C4CFA29EEF03400F03AFF /* Sources */ = {
			isa = PBXSourcesBuildPhase;
			buildActionMask = 2147483647;
			files = (
				9B1C4D0629EEF03400F03AFF /* ViewController.swift in Sources */,
				9B1C4D0229EEF03400F03AFF /* AppDelegate.swift in Sources */,
				9B1C4D0429EEF03400F03AFF /* SceneDelegate.swift in Sources */,
			);
			runOnlyForDeploymentPostprocessing = 0;
		};
		9B1C4D1029EEF03500F03AFF /* Sources */ = {
			isa = PBXSourcesBuildPhase;
			buildActionMask = 2147483647;
			files = (
				9B1C4D1929EEF03500F03AFF /* MemoriaTests.swift in Sources */,
			);
			runOnlyForDeploymentPostprocessing = 0;
		};
		9B1C4D1A29EEF03500F03AFF /* Sources */ = {
			isa = PBXSourcesBuildPhase;
			buildActionMask = 2147483647;
			files = (
				9B1C4D2329EEF03500F03AFF /* MemoriaUITests.swift in Sources */,
				9B1C4D2529EEF03500F03AFF /* MemoriaUITestsLaunchTests.swift in Sources */,
			);
			runOnlyForDeploymentPostprocessing = 0;
		};
/* End PBXSourcesBuildPhase section */

/* Begin PBXTargetDependency section */
		9B1C4D1629EEF03500F03AFF /* PBXTargetDependency */ = {
			isa = PBXTargetDependency;
			target = 9B1C4CFD29EEF03400F03AFF /* Memoria */;
			targetProxy = 9B1C4D1529EEF03500F03AFF /* PBXContainerItemProxy */;
		};
		9B1C4D2029EEF03500F03AFF /* PBXTargetDependency */ = {
			isa = PBXTargetDependency;
			target = 9B1C4CFD29EEF03400F03AFF /* Memoria */;
			targetProxy = 9B1C4D1F29EEF03500F03AFF /* PBXContainerItemProxy */;
		};
/* End PBXTargetDependency section */

/* Begin PBXVariantGroup section */
		9B1C4D0729EEF03400F03AFF /* Main.storyboard */ = {
			isa = PBXVariantGroup;
			children = (
				9B1C4D0829EEF03400F03AFF /* Base */,
			);
			name = Main.storyboard;
			sourceTree = "<group>";
		};
		9B1C4D0C29EEF03500F03AFF /* LaunchScreen.storyboard */ = {
			isa = PBXVariantGroup;
			children = (
				9B1C4D0D29EEF03500F03AFF /* Base */,
			);
			name = LaunchScreen.storyboard;
			sourceTree = "<group>";
		};
/* End PBXVariantGroup section */

/* Begin XCBuildConfiguration section */
		9B1C4D2629EEF03500F03AFF /* Debug */ = {
			isa = XCBuildConfiguration;
			buildSettings = {
				ALWAYS_SEARCH_USER_PATHS = NO;
				CLANG_ANALYZER_NONNULL = YES;
				CLANG_ANALYZER_NUMBER_OBJECT_CONVERSION = YES_AGGRESSIVE;
				CLANG_CXX_LANGUAGE_STANDARD = "gnu++20";
				CLANG_ENABLE_MODULES = YES;
				CLANG_ENABLE_OBJC_ARC = YES;
				CLANG_ENABLE_OBJC_WEAK = YES;
				CLANG_WARN_BLOCK_CAPTURE_AUTORELEASING = YES;
				CLANG_WARN_BOOL_CONVERSION = YES;
				CLANG_WARN_COMMA = YES;
				CLANG_WARN_CONSTANT_CONVERSION = YES;
				CLANG_WARN_DEPRECATED_OBJC_IMPLEMENTATIONS = YES;
				CLANG_WARN_DIRECT_OBJC_ISA_USAGE = YES_ERROR;
				CLANG_WARN_DOCUMENTATION_COMMENTS = YES;
				CLANG_WARN_EMPTY_BODY = YES;
				CLANG_WARN_ENUM_CONVERSION = YES;
				CLANG_WARN_INFINITE_RECURSION = YES;
				CLANG_WARN_INT_CONVERSION = YES;
				CLANG_WARN_NON_LITERAL_NULL_CONVERSION = YES;
				CLANG_WARN_OBJC_IMPLICIT_RETAIN_SELF = YES;
				CLANG_WARN_OBJC_LITERAL_CONVERSION = YES;
				CLANG_WARN_OBJC_ROOT_CLASS = YES_ERROR;
				CLANG_WARN_QUOTED_INCLUDE_IN_FRAMEWORK_HEADER = YES;
				CLANG_WARN_RANGE_LOOP_ANALYSIS = YES;
				CLANG_WARN_STRICT_PROTOTYPES = YES;
				CLANG_WARN_SUSPICIOUS_MOVE = YES;
				CLANG_WARN_UNGUARDED_AVAILABILITY = YES_AGGRESSIVE;
				CLANG_WARN_UNREACHABLE_CODE = YES;
				CLANG_WARN__DUPLICATE_METHOD_MATCH = YES;
				COPY_PHASE_STRIP = NO;
				DEBUG_INFORMATION_FORMAT = dwarf;
				ENABLE_STRICT_OBJC_MSGSEND = YES;
				ENABLE_TESTABILITY = YES;
				GCC_C_LANGUAGE_STANDARD = gnu11;
				GCC_DYNAMIC_NO_PIC = NO;
				GCC_NO_COMMON_BLOCKS = YES;
				GCC_OPTIMIZATION_LEVEL = 0;
				GCC_PREPROCESSOR_DEFINITIONS = (
					"DEBUG=1",
					"$(inherited)",
				);
				GCC_WARN_64_TO_32_BIT_CONVERSION = YES;
				GCC_WARN_ABOUT_RETURN_TYPE = YES_ERROR;
				GCC_WARN_UNDECLARED_SELECTOR = YES;
				GCC_WARN_UNINITIALIZED_AUTOS = YES_AGGRESSIVE;
				GCC_WARN_UNUSED_FUNCTION = YES;
				GCC_WARN_UNUSED_VARIABLE = YES;
				IPHONEOS_DEPLOYMENT_TARGET = 16.4;
				MTL_ENABLE_DEBUG_INFO = INCLUDE_SOURCE;
				MTL_FAST_MATH = YES;
				ONLY_ACTIVE_ARCH = YES;
				SDKROOT = iphoneos;
				SWIFT_ACTIVE_COMPILATION_CONDITIONS = DEBUG;
				SWIFT_OPTIMIZATION_LEVEL = "-Onone";
			};
			name = Debug;
		};
		9B1C4D2729EEF03500F03AFF /* Release */ = {
			isa = XCBuildConfiguration;
			buildSettings = {
				ALWAYS_SEARCH_USER_PATHS = NO;
				CLANG_ANALYZER_NONNULL = YES;
				CLANG_ANALYZER_NUMBER_OBJECT_CONVERSION = YES_AGGRESSIVE;
				CLANG_CXX_LANGUAGE_STANDARD = "gnu++20";
				CLANG_ENABLE_MODULES = YES;
				CLANG_ENABLE_OBJC_ARC = YES;
				CLANG_ENABLE_OBJC_WEAK = YES;
				CLANG_WARN_BLOCK_CAPTURE_AUTORELEASING = YES;
				CLANG_WARN_BOOL_CONVERSION = YES;
				CLANG_WARN_COMMA = YES;
				CLANG_WARN_CONSTANT_CONVERSION = YES;
				CLANG_WARN_DEPRECATED_OBJC_IMPLEMENTATIONS = YES;
				CLANG_WARN_DIRECT_OBJC_ISA_USAGE = YES_ERROR;
				CLANG_WARN_DOCUMENTATION_COMMENTS = YES;
				CLANG_WARN_EMPTY_BODY = YES;
				CLANG_WARN_ENUM_CONVERSION = YES;
				CLANG_WARN_INFINITE_RECURSION = YES;
				CLANG_WARN_INT_CONVERSION = YES;
				CLANG_WARN_NON_LITERAL_NULL_CONVERSION = YES;
				CLANG_WARN_OBJC_IMPLICIT_RETAIN_SELF = YES;
				CLANG_WARN_OBJC_LITERAL_CONVERSION = YES;
				CLANG_WARN_OBJC_ROOT_CLASS = YES_ERROR;
				CLANG_WARN_QUOTED_INCLUDE_IN_FRAMEWORK_HEADER = YES;
				CLANG_WARN_RANGE_LOOP_ANALYSIS = YES;
				CLANG_WARN_STRICT_PROTOTYPES = YES;
				CLANG_WARN_SUSPICIOUS_MOVE = YES;
				CLANG_WARN_UNGUARDED_AVAILABILITY = YES_AGGRESSIVE;
				CLANG_WARN_UNREACHABLE_CODE = YES;
				CLANG_WARN__DUPLICATE_METHOD_MATCH = YES;
				COPY_PHASE_STRIP = NO;
				DEBUG_INFORMATION_FORMAT = "dwarf-with-dsym";
				ENABLE_NS_ASSERTIONS = NO;
				ENABLE_STRICT_OBJC_MSGSEND = YES;
				GCC_C_LANGUAGE_STANDARD = gnu11;
				GCC_NO_COMMON_BLOCKS = YES;
				GCC_WARN_64_TO_32_BIT_CONVERSION = YES;
				GCC_WARN_ABOUT_RETURN_TYPE = YES_ERROR;
				GCC_WARN_UNDECLARED_SELECTOR = YES;
				GCC_WARN_UNINITIALIZED_AUTOS = YES_AGGRESSIVE;
				GCC_WARN_UNUSED_FUNCTION = YES;
				GCC_WARN_UNUSED_VARIABLE = YES;
				IPHONEOS_DEPLOYMENT_TARGET = 16.4;
				MTL_ENABLE_DEBUG_INFO = NO;
				MTL_FAST_MATH = YES;
				SDKROOT = iphoneos;
				SWIFT_COMPILATION_MODE = wholemodule;
				SWIFT_OPTIMIZATION_LEVEL = "-O";
				VALIDATE_PRODUCT = YES;
			};
			name = Release;
		};
		9B1C4D2929EEF03500F03AFF /* Debug */ = {
			isa = XCBuildConfiguration;
			buildSettings = {
				ASSETCATALOG_COMPILER_APPICON_NAME = AppIcon;
				ASSETCATALOG_COMPILER_GLOBAL_ACCENT_COLOR_NAME = AccentColor;
				CODE_SIGN_STYLE = Automatic;
				CURRENT_PROJECT_VERSION = 1;
				DEVELOPMENT_TEAM = 9299QHCW64;
				GENERATE_INFOPLIST_FILE = YES;
				INFOPLIST_FILE = Memoria/Info.plist;
				INFOPLIST_KEY_UIApplicationSupportsIndirectInputEvents = YES;
				INFOPLIST_KEY_UILaunchStoryboardName = LaunchScreen;
				INFOPLIST_KEY_UIMainStoryboardFile = Main;
				INFOPLIST_KEY_UISupportedInterfaceOrientations_iPad = "UIInterfaceOrientationPortrait UIInterfaceOrientationPortraitUpsideDown UIInterfaceOrientationLandscapeLeft UIInterfaceOrientationLandscapeRight";
				INFOPLIST_KEY_UISupportedInterfaceOrientations_iPhone = "UIInterfaceOrientationPortrait UIInterfaceOrientationLandscapeLeft UIInterfaceOrientationLandscapeRight";
				LD_RUNPATH_SEARCH_PATHS = (
					"$(inherited)",
					"@executable_path/Frameworks",
				);
				MARKETING_VERSION = 1.0;
				PRODUCT_BUNDLE_IDENTIFIER = com.copu.Memoria;
				PRODUCT_NAME = "$(TARGET_NAME)";
				SWIFT_EMIT_LOC_STRINGS = YES;
				SWIFT_VERSION = 5.0;
				TARGETED_DEVICE_FAMILY = "1,2";
			};
			name = Debug;
		};
		9B1C4D2A29EEF03500F03AFF /* Release */ = {
			isa = XCBuildConfiguration;
			buildSettings = {
				ASSETCATALOG_COMPILER_APPICON_NAME = AppIcon;
				ASSETCATALOG_COMPILER_GLOBAL_ACCENT_COLOR_NAME = AccentColor;
				CODE_SIGN_STYLE = Automatic;
				CURRENT_PROJECT_VERSION = 1;
				DEVELOPMENT_TEAM = 9299QHCW64;
				GENERATE_INFOPLIST_FILE = YES;
				INFOPLIST_FILE = Memoria/Info.plist;
				INFOPLIST_KEY_UIApplicationSupportsIndirectInputEvents = YES;
				INFOPLIST_KEY_UILaunchStoryboardName = LaunchScreen;
				INFOPLIST_KEY_UIMainStoryboardFile = Main;
				INFOPLIST_KEY_UISupportedInterfaceOrientations_iPad = "UIInterfaceOrientationPortrait UIInterfaceOrientationPortraitUpsideDown UIInterfaceOrientationLandscapeLeft UIInterfaceOrientationLandscapeRight";
				INFOPLIST_KEY_UISupportedInterfaceOrientations_iPhone = "UIInterfaceOrientationPortrait UIInterfaceOrientationLandscapeLeft UIInterfaceOrientationLandscapeRight";
				LD_RUNPATH_SEARCH_PATHS = (
					"$(inherited)",
					"@executable_path/Frameworks",
				);
				MARKETING_VERSION = 1.0;
				PRODUCT_BUNDLE_IDENTIFIER = com.copu.Memoria;
				PRODUCT_NAME = "$(TARGET_NAME)";
				SWIFT_EMIT_LOC_STRINGS = YES;
				SWIFT_VERSION = 5.0;
				TARGETED_DEVICE_FAMILY = "1,2";
			};
			name = Release;
		};
		9B1C4D2C29EEF03500F03AFF /* Debug */ = {
			isa = XCBuildConfiguration;
			buildSettings = {
				ALWAYS_EMBED_SWIFT_STANDARD_LIBRARIES = YES;
				BUNDLE_LOADER = "$(TEST_HOST)";
				CODE_SIGN_STYLE = Automatic;
				CURRENT_PROJECT_VERSION = 1;
				DEVELOPMENT_TEAM = 9299QHCW64;
				GENERATE_INFOPLIST_FILE = YES;
				IPHONEOS_DEPLOYMENT_TARGET = 16.4;
				MARKETING_VERSION = 1.0;
				PRODUCT_BUNDLE_IDENTIFIER = com.copu.MemoriaTests;
				PRODUCT_NAME = "$(TARGET_NAME)";
				SWIFT_EMIT_LOC_STRINGS = NO;
				SWIFT_VERSION = 5.0;
				TARGETED_DEVICE_FAMILY = "1,2";
				TEST_HOST = "$(BUILT_PRODUCTS_DIR)/Memoria.app/$(BUNDLE_EXECUTABLE_FOLDER_PATH)/Memoria";
			};
			name = Debug;
		};
		9B1C4D2D29EEF03500F03AFF /* Release */ = {
			isa = XCBuildConfiguration;
			buildSettings = {
				ALWAYS_EMBED_SWIFT_STANDARD_LIBRARIES = YES;
				BUNDLE_LOADER = "$(TEST_HOST)";
				CODE_SIGN_STYLE = Automatic;
				CURRENT_PROJECT_VERSION = 1;
				DEVELOPMENT_TEAM = 9299QHCW64;
				GENERATE_INFOPLIST_FILE = YES;
				IPHONEOS_DEPLOYMENT_TARGET = 16.4;
				MARKETING_VERSION = 1.0;
				PRODUCT_BUNDLE_IDENTIFIER = com.copu.MemoriaTests;
				PRODUCT_NAME = "$(TARGET_NAME)";
				SWIFT_EMIT_LOC_STRINGS = NO;
				SWIFT_VERSION = 5.0;
				TARGETED_DEVICE_FAMILY = "1,2";
				TEST_HOST = "$(BUILT_PRODUCTS_DIR)/Memoria.app/$(BUNDLE_EXECUTABLE_FOLDER_PATH)/Memoria";
			};
			name = Release;
		};
		9B1C4D2F29EEF03500F03AFF /* Debug */ = {
			isa = XCBuildConfiguration;
			buildSettings = {
				ALWAYS_EMBED_SWIFT_STANDARD_LIBRARIES = YES;
				CODE_SIGN_STYLE = Automatic;
				CURRENT_PROJECT_VERSION = 1;
				DEVELOPMENT_TEAM = 9299QHCW64;
				GENERATE_INFOPLIST_FILE = YES;
				MARKETING_VERSION = 1.0;
				PRODUCT_BUNDLE_IDENTIFIER = com.copu.MemoriaUITests;
				PRODUCT_NAME = "$(TARGET_NAME)";
				SWIFT_EMIT_LOC_STRINGS = NO;
				SWIFT_VERSION = 5.0;
				TARGETED_DEVICE_FAMILY = "1,2";
				TEST_TARGET_NAME = Memoria;
			};
			name = Debug;
		};
		9B1C4D3029EEF03500F03AFF /* Release */ = {
			isa = XCBuildConfiguration;
			buildSettings = {
				ALWAYS_EMBED_SWIFT_STANDARD_LIBRARIES = YES;
				CODE_SIGN_STYLE = Automatic;
				CURRENT_PROJECT_VERSION = 1;
				DEVELOPMENT_TEAM = 9299QHCW64;
				GENERATE_INFOPLIST_FILE = YES;
				MARKETING_VERSION = 1.0;
				PRODUCT_BUNDLE_IDENTIFIER = com.copu.MemoriaUITests;
				PRODUCT_NAME = "$(TARGET_NAME)";
				SWIFT_EMIT_LOC_STRINGS = NO;
				SWIFT_VERSION = 5.0;
				TARGETED_DEVICE_FAMILY = "1,2";
				TEST_TARGET_NAME = Memoria;
			};
			name = Release;
		};
/* End XCBuildConfiguration section */

/* Begin XCConfigurationList section */
		9B1C4CF929EEF03400F03AFF /* Build configuration list for PBXProject "Memoria" */ = {
			isa = XCConfigurationList;
			buildConfigurations = (
				9B1C4D2629EEF03500F03AFF /* Debug */,
				9B1C4D2729EEF03500F03AFF /* Release */,
			);
			defaultConfigurationIsVisible = 0;
			defaultConfigurationName = Release;
		};
		9B1C4D2829EEF03500F03AFF /* Build configuration list for PBXNativeTarget "Memoria" */ = {
			isa = XCConfigurationList;
			buildConfigurations = (
				9B1C4D2929EEF03500F03AFF /* Debug */,
				9B1C4D2A29EEF03500F03AFF /* Release */,
			);
			defaultConfigurationIsVisible = 0;
			defaultConfigurationName = Release;
		};
		9B1C4D2B29EEF03500F03AFF /* Build configuration list for PBXNativeTarget "MemoriaTests" */ = {
			isa = XCConfigurationList;
			buildConfigurations = (
				9B1C4D2C29EEF03500F03AFF /* Debug */,
				9B1C4D2D29EEF03500F03AFF /* Release */,
			);
			defaultConfigurationIsVisible = 0;
			defaultConfigurationName = Release;
		};
		9B1C4D2E29EEF03500F03AFF /* Build configuration list for PBXNativeTarget "MemoriaUITests" */ = {
			isa = XCConfigurationList;
			buildConfigurations = (
				9B1C4D2F29EEF03500F03AFF /* Debug */,
				9B1C4D3029EEF03500F03AFF /* Release */,
			);
			defaultConfigurationIsVisible = 0;
			defaultConfigurationName = Release;
		};
/* End XCConfigurationList section */
	};
	rootObject = 9B1C4CF629EEF03400F03AFF /* Project object */;
}
